// !$*UTF8*$!
{
	archiveVersion = 1;
	classes = {
	};
	objectVersion = 77;
	objects = {

/* Begin PBXContainerItemProxy section */
		8725ADA52CF4DC9F0078260E /* PBXContainerItemProxy */ = {
			isa = PBXContainerItemProxy;
			containerPortal = 8725AD8C2CF4DC9C0078260E /* Project object */;
			proxyType = 1;
			remoteGlobalIDString = 8725AD932CF4DC9C0078260E;
			remoteInfo = BLEAppTest;
		};
		8725ADAF2CF4DC9F0078260E /* PBXContainerItemProxy */ = {
			isa = PBXContainerItemProxy;
			containerPortal = 8725AD8C2CF4DC9C0078260E /* Project object */;
			proxyType = 1;
			remoteGlobalIDString = 8725AD932CF4DC9C0078260E;
			remoteInfo = BLEAppTest;
		};
/* End PBXContainerItemProxy section */

/* Begin PBXFileReference section */
		8725AD942CF4DC9C0078260E /* BLEAppTest.app */ = {isa = PBXFileReference; explicitFileType = wrapper.application; includeInIndex = 0; path = BLEAppTest.app; sourceTree = BUILT_PRODUCTS_DIR; };
		8725ADA42CF4DC9F0078260E /* BLEAppTestTests.xctest */ = {isa = PBXFileReference; explicitFileType = wrapper.cfbundle; includeInIndex = 0; path = BLEAppTestTests.xctest; sourceTree = BUILT_PRODUCTS_DIR; };
		8725ADAE2CF4DC9F0078260E /* BLEAppTestUITests.xctest */ = {isa = PBXFileReference; explicitFileType = wrapper.cfbundle; includeInIndex = 0; path = BLEAppTestUITests.xctest; sourceTree = BUILT_PRODUCTS_DIR; };
/* End PBXFileReference section */

/* Begin PBXFileSystemSynchronizedRootGroup section */
		8725AD962CF4DC9C0078260E /* BLEAppTest */ = {
			isa = PBXFileSystemSynchronizedRootGroup;
			path = BLEAppTest;
			sourceTree = "<group>";
		};
		8725ADA72CF4DC9F0078260E /* BLEAppTestTests */ = {
			isa = PBXFileSystemSynchronizedRootGroup;
			path = BLEAppTestTests;
			sourceTree = "<group>";
		};
		8725ADB12CF4DC9F0078260E /* BLEAppTestUITests */ = {
			isa = PBXFileSystemSynchronizedRootGroup;
			path = BLEAppTestUITests;
			sourceTree = "<group>";
		};
/* End PBXFileSystemSynchronizedRootGroup section */

/* Begin PBXFrameworksBuildPhase section */
		8725AD912CF4DC9C0078260E /* Frameworks */ = {
			isa = PBXFrameworksBuildPhase;
			buildActionMask = 2147483647;
			files = (
			);
			runOnlyForDeploymentPostprocessing = 0;
		};
		8725ADA12CF4DC9F0078260E /* Frameworks */ = {
			isa = PBXFrameworksBuildPhase;
			buildActionMask = 2147483647;
			files = (
			);
			runOnlyForDeploymentPostprocessing = 0;
		};
		8725ADAB2CF4DC9F0078260E /* Frameworks */ = {
			isa = PBXFrameworksBuildPhase;
			buildActionMask = 2147483647;
			files = (
			);
			runOnlyForDeploymentPostprocessing = 0;
		};
/* End PBXFrameworksBuildPhase section */

/* Begin PBXGroup section */
		8725AD8B2CF4DC9C0078260E = {
			isa = PBXGroup;
			children = (
				8725AD962CF4DC9C0078260E /* BLEAppTest */,
				8725ADA72CF4DC9F0078260E /* BLEAppTestTests */,
				8725ADB12CF4DC9F0078260E /* BLEAppTestUITests */,
				8725AD952CF4DC9C0078260E /* Products */,
			);
			sourceTree = "<group>";
		};
		8725AD952CF4DC9C0078260E /* Products */ = {
			isa = PBXGroup;
			children = (
				8725AD942CF4DC9C0078260E /* BLEAppTest.app */,
				8725ADA42CF4DC9F0078260E /* BLEAppTestTests.xctest */,
				8725ADAE2CF4DC9F0078260E /* BLEAppTestUITests.xctest */,
			);
			name = Products;
			sourceTree = "<group>";
		};
/* End PBXGroup section */

/* Begin PBXNativeTarget section */
		8725AD932CF4DC9C0078260E /* BLEAppTest */ = {
			isa = PBXNativeTarget;
			buildConfigurationList = 8725ADB82CF4DC9F0078260E /* Build configuration list for PBXNativeTarget "BLEAppTest" */;
			buildPhases = (
				8725AD902CF4DC9C0078260E /* Sources */,
				8725AD912CF4DC9C0078260E /* Frameworks */,
				8725AD922CF4DC9C0078260E /* Resources */,
			);
			buildRules = (
			);
			dependencies = (
			);
			fileSystemSynchronizedGroups = (
				8725AD962CF4DC9C0078260E /* BLEAppTest */,
			);
			name = BLEAppTest;
			packageProductDependencies = (
			);
			productName = BLEAppTest;
			productReference = 8725AD942CF4DC9C0078260E /* BLEAppTest.app */;
			productType = "com.apple.product-type.application";
		};
		8725ADA32CF4DC9F0078260E /* BLEAppTestTests */ = {
			isa = PBXNativeTarget;
			buildConfigurationList = 8725ADBB2CF4DC9F0078260E /* Build configuration list for PBXNativeTarget "BLEAppTestTests" */;
			buildPhases = (
				8725ADA02CF4DC9F0078260E /* Sources */,
				8725ADA12CF4DC9F0078260E /* Frameworks */,
				8725ADA22CF4DC9F0078260E /* Resources */,
			);
			buildRules = (
			);
			dependencies = (
				8725ADA62CF4DC9F0078260E /* PBXTargetDependency */,
			);
			fileSystemSynchronizedGroups = (
				8725ADA72CF4DC9F0078260E /* BLEAppTestTests */,
			);
			name = BLEAppTestTests;
			packageProductDependencies = (
			);
			productName = BLEAppTestTests;
			productReference = 8725ADA42CF4DC9F0078260E /* BLEAppTestTests.xctest */;
			productType = "com.apple.product-type.bundle.unit-test";
		};
		8725ADAD2CF4DC9F0078260E /* BLEAppTestUITests */ = {
			isa = PBXNativeTarget;
			buildConfigurationList = 8725ADBE2CF4DC9F0078260E /* Build configuration list for PBXNativeTarget "BLEAppTestUITests" */;
			buildPhases = (
				8725ADAA2CF4DC9F0078260E /* Sources */,
				8725ADAB2CF4DC9F0078260E /* Frameworks */,
				8725ADAC2CF4DC9F0078260E /* Resources */,
			);
			buildRules = (
			);
			dependencies = (
				8725ADB02CF4DC9F0078260E /* PBXTargetDependency */,
			);
			fileSystemSynchronizedGroups = (
				8725ADB12CF4DC9F0078260E /* BLEAppTestUITests */,
			);
			name = BLEAppTestUITests;
			packageProductDependencies = (
			);
			productName = BLEAppTestUITests;
			productReference = 8725ADAE2CF4DC9F0078260E /* BLEAppTestUITests.xctest */;
			productType = "com.apple.product-type.bundle.ui-testing";
		};
/* End PBXNativeTarget section */

/* Begin PBXProject section */
		8725AD8C2CF4DC9C0078260E /* Project object */ = {
			isa = PBXProject;
			attributes = {
				BuildIndependentTargetsInParallel = 1;
				LastSwiftUpdateCheck = 1610;
				LastUpgradeCheck = 1610;
				TargetAttributes = {
					8725AD932CF4DC9C0078260E = {
						CreatedOnToolsVersion = 16.1;
					};
					8725ADA32CF4DC9F0078260E = {
						CreatedOnToolsVersion = 16.1;
						TestTargetID = 8725AD932CF4DC9C0078260E;
					};
					8725ADAD2CF4DC9F0078260E = {
						CreatedOnToolsVersion = 16.1;
						TestTargetID = 8725AD932CF4DC9C0078260E;
					};
				};
			};
			buildConfigurationList = 8725AD8F2CF4DC9C0078260E /* Build configuration list for PBXProject "BLEAppTest" */;
			developmentRegion = en;
			hasScannedForEncodings = 0;
			knownRegions = (
				en,
				Base,
			);
			mainGroup = 8725AD8B2CF4DC9C0078260E;
			minimizedProjectReferenceProxies = 1;
			preferredProjectObjectVersion = 77;
			productRefGroup = 8725AD952CF4DC9C0078260E /* Products */;
			projectDirPath = "";
			projectRoot = "";
			targets = (
				8725AD932CF4DC9C0078260E /* BLEAppTest */,
				8725ADA32CF4DC9F0078260E /* BLEAppTestTests */,
				8725ADAD2CF4DC9F0078260E /* BLEAppTestUITests */,
			);
		};
/* End PBXProject section */

/* Begin PBXResourcesBuildPhase section */
		8725AD922CF4DC9C0078260E /* Resources */ = {
			isa = PBXResourcesBuildPhase;
			buildActionMask = 2147483647;
			files = (
			);
			runOnlyForDeploymentPostprocessing = 0;
		};
		8725ADA22CF4DC9F0078260E /* Resources */ = {
			isa = PBXResourcesBuildPhase;
			buildActionMask = 2147483647;
			files = (
			);
			runOnlyForDeploymentPostprocessing = 0;
		};
		8725ADAC2CF4DC9F0078260E /* Resources */ = {
			isa = PBXResourcesBuildPhase;
			buildActionMask = 2147483647;
			files = (
			);
			runOnlyForDeploymentPostprocessing = 0;
		};
/* End PBXResourcesBuildPhase section */

/* Begin PBXSourcesBuildPhase section */
		8725AD902CF4DC9C0078260E /* Sources */ = {
			isa = PBXSourcesBuildPhase;
			buildActionMask = 2147483647;
			files = (
			);
			runOnlyForDeploymentPostprocessing = 0;
		};
		8725ADA02CF4DC9F0078260E /* Sources */ = {
			isa = PBXSourcesBuildPhase;
			buildActionMask = 2147483647;
			files = (
			);
			runOnlyForDeploymentPostprocessing = 0;
		};
		8725ADAA2CF4DC9F0078260E /* Sources */ = {
			isa = PBXSourcesBuildPhase;
			buildActionMask = 2147483647;
			files = (
			);
			runOnlyForDeploymentPostprocessing = 0;
		};
/* End PBXSourcesBuildPhase section */

/* Begin PBXTargetDependency section */
		8725ADA62CF4DC9F0078260E /* PBXTargetDependency */ = {
			isa = PBXTargetDependency;
			target = 8725AD932CF4DC9C0078260E /* BLEAppTest */;
			targetProxy = 8725ADA52CF4DC9F0078260E /* PBXContainerItemProxy */;
		};
		8725ADB02CF4DC9F0078260E /* PBXTargetDependency */ = {
			isa = PBXTargetDependency;
			target = 8725AD932CF4DC9C0078260E /* BLEAppTest */;
			targetProxy = 8725ADAF2CF4DC9F0078260E /* PBXContainerItemProxy */;
		};
/* End PBXTargetDependency section */

/* Begin XCBuildConfiguration section */
		8725ADB62CF4DC9F0078260E /* Debug */ = {
			isa = XCBuildConfiguration;
			buildSettings = {
				ALWAYS_SEARCH_USER_PATHS = NO;
				ASSETCATALOG_COMPILER_GENERATE_SWIFT_ASSET_SYMBOL_EXTENSIONS = YES;
				CLANG_ANALYZER_NONNULL = YES;
				CLANG_ANALYZER_NUMBER_OBJECT_CONVERSION = YES_AGGRESSIVE;
				CLANG_CXX_LANGUAGE_STANDARD = "gnu++20";
				CLANG_ENABLE_MODULES = YES;
				CLANG_ENABLE_OBJC_ARC = YES;
				CLANG_ENABLE_OBJC_WEAK = YES;
				CLANG_WARN_BLOCK_CAPTURE_AUTORELEASING = YES;
				CLANG_WARN_BOOL_CONVERSION = YES;
				CLANG_WARN_COMMA = YES;
				CLANG_WARN_CONSTANT_CONVERSION = YES;
				CLANG_WARN_DEPRECATED_OBJC_IMPLEMENTATIONS = YES;
				CLANG_WARN_DIRECT_OBJC_ISA_USAGE = YES_ERROR;
				CLANG_WARN_DOCUMENTATION_COMMENTS = YES;
				CLANG_WARN_EMPTY_BODY = YES;
				CLANG_WARN_ENUM_CONVERSION = YES;
				CLANG_WARN_INFINITE_RECURSION = YES;
				CLANG_WARN_INT_CONVERSION = YES;
				CLANG_WARN_NON_LITERAL_NULL_CONVERSION = YES;
				CLANG_WARN_OBJC_IMPLICIT_RETAIN_SELF = YES;
				CLANG_WARN_OBJC_LITERAL_CONVERSION = YES;
				CLANG_WARN_OBJC_ROOT_CLASS = YES_ERROR;
				CLANG_WARN_QUOTED_INCLUDE_IN_FRAMEWORK_HEADER = YES;
				CLANG_WARN_RANGE_LOOP_ANALYSIS = YES;
				CLANG_WARN_STRICT_PROTOTYPES = YES;
				CLANG_WARN_SUSPICIOUS_MOVE = YES;
				CLANG_WARN_UNGUARDED_AVAILABILITY = YES_AGGRESSIVE;
				CLANG_WARN_UNREACHABLE_CODE = YES;
				CLANG_WARN__DUPLICATE_METHOD_MATCH = YES;
				COPY_PHASE_STRIP = NO;
				DEBUG_INFORMATION_FORMAT = dwarf;
				ENABLE_STRICT_OBJC_MSGSEND = YES;
				ENABLE_TESTABILITY = YES;
				ENABLE_USER_SCRIPT_SANDBOXING = YES;
				GCC_C_LANGUAGE_STANDARD = gnu17;
				GCC_DYNAMIC_NO_PIC = NO;
				GCC_NO_COMMON_BLOCKS = YES;
				GCC_OPTIMIZATION_LEVEL = 0;
				GCC_PREPROCESSOR_DEFINITIONS = (
					"DEBUG=1",
					"$(inherited)",
				);
				GCC_WARN_64_TO_32_BIT_CONVERSION = YES;
				GCC_WARN_ABOUT_RETURN_TYPE = YES_ERROR;
				GCC_WARN_UNDECLARED_SELECTOR = YES;
				GCC_WARN_UNINITIALIZED_AUTOS = YES_AGGRESSIVE;
				GCC_WARN_UNUSED_FUNCTION = YES;
				GCC_WARN_UNUSED_VARIABLE = YES;
				IPHONEOS_DEPLOYMENT_TARGET = 18.1;
				LOCALIZATION_PREFERS_STRING_CATALOGS = YES;
				MTL_ENABLE_DEBUG_INFO = INCLUDE_SOURCE;
				MTL_FAST_MATH = YES;
				ONLY_ACTIVE_ARCH = YES;
				SDKROOT = iphoneos;
				SWIFT_ACTIVE_COMPILATION_CONDITIONS = "DEBUG $(inherited)";
				SWIFT_OPTIMIZATION_LEVEL = "-Onone";
			};
			name = Debug;
		};
		8725ADB72CF4DC9F0078260E /* Release */ = {
			isa = XCBuildConfiguration;
			buildSettings = {
				ALWAYS_SEARCH_USER_PATHS = NO;
				ASSETCATALOG_COMPILER_GENERATE_SWIFT_ASSET_SYMBOL_EXTENSIONS = YES;
				CLANG_ANALYZER_NONNULL = YES;
				CLANG_ANALYZER_NUMBER_OBJECT_CONVERSION = YES_AGGRESSIVE;
				CLANG_CXX_LANGUAGE_STANDARD = "gnu++20";
				CLANG_ENABLE_MODULES = YES;
				CLANG_ENABLE_OBJC_ARC = YES;
				CLANG_ENABLE_OBJC_WEAK = YES;
				CLANG_WARN_BLOCK_CAPTURE_AUTORELEASING = YES;
				CLANG_WARN_BOOL_CONVERSION = YES;
				CLANG_WARN_COMMA = YES;
				CLANG_WARN_CONSTANT_CONVERSION = YES;
				CLANG_WARN_DEPRECATED_OBJC_IMPLEMENTATIONS = YES;
				CLANG_WARN_DIRECT_OBJC_ISA_USAGE = YES_ERROR;
				CLANG_WARN_DOCUMENTATION_COMMENTS = YES;
				CLANG_WARN_EMPTY_BODY = YES;
				CLANG_WARN_ENUM_CONVERSION = YES;
				CLANG_WARN_INFINITE_RECURSION = YES;
				CLANG_WARN_INT_CONVERSION = YES;
				CLANG_WARN_NON_LITERAL_NULL_CONVERSION = YES;
				CLANG_WARN_OBJC_IMPLICIT_RETAIN_SELF = YES;
				CLANG_WARN_OBJC_LITERAL_CONVERSION = YES;
				CLANG_WARN_OBJC_ROOT_CLASS = YES_ERROR;
				CLANG_WARN_QUOTED_INCLUDE_IN_FRAMEWORK_HEADER = YES;
				CLANG_WARN_RANGE_LOOP_ANALYSIS = YES;
				CLANG_WARN_STRICT_PROTOTYPES = YES;
				CLANG_WARN_SUSPICIOUS_MOVE = YES;
				CLANG_WARN_UNGUARDED_AVAILABILITY = YES_AGGRESSIVE;
				CLANG_WARN_UNREACHABLE_CODE = YES;
				CLANG_WARN__DUPLICATE_METHOD_MATCH = YES;
				COPY_PHASE_STRIP = NO;
				DEBUG_INFORMATION_FORMAT = "dwarf-with-dsym";
				ENABLE_NS_ASSERTIONS = NO;
				ENABLE_STRICT_OBJC_MSGSEND = YES;
				ENABLE_USER_SCRIPT_SANDBOXING = YES;
				GCC_C_LANGUAGE_STANDARD = gnu17;
				GCC_NO_COMMON_BLOCKS = YES;
				GCC_WARN_64_TO_32_BIT_CONVERSION = YES;
				GCC_WARN_ABOUT_RETURN_TYPE = YES_ERROR;
				GCC_WARN_UNDECLARED_SELECTOR = YES;
				GCC_WARN_UNINITIALIZED_AUTOS = YES_AGGRESSIVE;
				GCC_WARN_UNUSED_FUNCTION = YES;
				GCC_WARN_UNUSED_VARIABLE = YES;
				IPHONEOS_DEPLOYMENT_TARGET = 18.1;
				LOCALIZATION_PREFERS_STRING_CATALOGS = YES;
				MTL_ENABLE_DEBUG_INFO = NO;
				MTL_FAST_MATH = YES;
				SDKROOT = iphoneos;
				SWIFT_COMPILATION_MODE = wholemodule;
				VALIDATE_PRODUCT = YES;
			};
			name = Release;
		};
		8725ADB92CF4DC9F0078260E /* Debug */ = {
			isa = XCBuildConfiguration;
			buildSettings = {
				ASSETCATALOG_COMPILER_APPICON_NAME = AppIcon;
				ASSETCATALOG_COMPILER_GLOBAL_ACCENT_COLOR_NAME = AccentColor;
				CODE_SIGN_STYLE = Automatic;
				CURRENT_PROJECT_VERSION = 1;
				DEVELOPMENT_ASSET_PATHS = "\"BLEAppTest/Preview Content\"";
				DEVELOPMENT_TEAM = JCF9982W6M;
				ENABLE_PREVIEWS = YES;
				GENERATE_INFOPLIST_FILE = YES;
				INFOPLIST_KEY_NSBluetoothAlwaysUsageDescription = "Esta aplicación utiliza Bluetooth para detectar dispositivos cercanos.\nEsta aplicación utiliza Bluetooth para detectar dispositivos cercanos.\nEsta aplicación utiliza Bluetooth para detectar dispositivos cercanos.\nEsta aplicación utiliza Bluetooth para detectar dispositivos cercanos.\nNecesarios permisos Bluetooth";
				INFOPLIST_KEY_UIApplicationSceneManifest_Generation = YES;
				INFOPLIST_KEY_UIApplicationSupportsIndirectInputEvents = YES;
				INFOPLIST_KEY_UILaunchScreen_Generation = YES;
				INFOPLIST_KEY_UISupportedInterfaceOrientations_iPad = "UIInterfaceOrientationPortrait UIInterfaceOrientationPortraitUpsideDown UIInterfaceOrientationLandscapeLeft UIInterfaceOrientationLandscapeRight";
				INFOPLIST_KEY_UISupportedInterfaceOrientations_iPhone = "UIInterfaceOrientationPortrait UIInterfaceOrientationLandscapeLeft UIInterfaceOrientationLandscapeRight";
				LD_RUNPATH_SEARCH_PATHS = (
					"$(inherited)",
					"@executable_path/Frameworks",
				);
				MARKETING_VERSION = 1.0;
				PRODUCT_BUNDLE_IDENTIFIER = com.juansenen.BLEAppTest;
				PRODUCT_NAME = "$(TARGET_NAME)";
				SWIFT_EMIT_LOC_STRINGS = YES;
				SWIFT_VERSION = 5.0;
				TARGETED_DEVICE_FAMILY = "1,2";
			};
			name = Debug;
		};
		8725ADBA2CF4DC9F0078260E /* Release */ = {
			isa = XCBuildConfiguration;
			buildSettings = {
				ASSETCATALOG_COMPILER_APPICON_NAME = AppIcon;
				ASSETCATALOG_COMPILER_GLOBAL_ACCENT_COLOR_NAME = AccentColor;
				CODE_SIGN_STYLE = Automatic;
				CURRENT_PROJECT_VERSION = 1;
				DEVELOPMENT_ASSET_PATHS = "\"BLEAppTest/Preview Content\"";
				DEVELOPMENT_TEAM = JCF9982W6M;
				ENABLE_PREVIEWS = YES;
				GENERATE_INFOPLIST_FILE = YES;
				INFOPLIST_KEY_NSBluetoothAlwaysUsageDescription = "Esta aplicación utiliza Bluetooth para detectar dispositivos cercanos.\nEsta aplicación utiliza Bluetooth para detectar dispositivos cercanos.\nEsta aplicación utiliza Bluetooth para detectar dispositivos cercanos.\nEsta aplicación utiliza Bluetooth para detectar dispositivos cercanos.\nNecesarios permisos Bluetooth";
				INFOPLIST_KEY_UIApplicationSceneManifest_Generation = YES;
				INFOPLIST_KEY_UIApplicationSupportsIndirectInputEvents = YES;
				INFOPLIST_KEY_UILaunchScreen_Generation = YES;
				INFOPLIST_KEY_UISupportedInterfaceOrientations_iPad = "UIInterfaceOrientationPortrait UIInterfaceOrientationPortraitUpsideDown UIInterfaceOrientationLandscapeLeft UIInterfaceOrientationLandscapeRight";
				INFOPLIST_KEY_UISupportedInterfaceOrientations_iPhone = "UIInterfaceOrientationPortrait UIInterfaceOrientationLandscapeLeft UIInterfaceOrientationLandscapeRight";
				LD_RUNPATH_SEARCH_PATHS = (
					"$(inherited)",
					"@executable_path/Frameworks",
				);
				MARKETING_VERSION = 1.0;
				PRODUCT_BUNDLE_IDENTIFIER = com.juansenen.BLEAppTest;
				PRODUCT_NAME = "$(TARGET_NAME)";
				SWIFT_EMIT_LOC_STRINGS = YES;
				SWIFT_VERSION = 5.0;
				TARGETED_DEVICE_FAMILY = "1,2";
			};
			name = Release;
		};
		8725ADBC2CF4DC9F0078260E /* Debug */ = {
			isa = XCBuildConfiguration;
			buildSettings = {
				BUNDLE_LOADER = "$(TEST_HOST)";
				CODE_SIGN_STYLE = Automatic;
				CURRENT_PROJECT_VERSION = 1;
				DEVELOPMENT_TEAM = JCF9982W6M;
				GENERATE_INFOPLIST_FILE = YES;
				IPHONEOS_DEPLOYMENT_TARGET = 18.1;
				MARKETING_VERSION = 1.0;
				PRODUCT_BUNDLE_IDENTIFIER = com.juansenen.BLEAppTestTests;
				PRODUCT_NAME = "$(TARGET_NAME)";
				SWIFT_EMIT_LOC_STRINGS = NO;
				SWIFT_VERSION = 5.0;
				TARGETED_DEVICE_FAMILY = "1,2";
				TEST_HOST = "$(BUILT_PRODUCTS_DIR)/BLEAppTest.app/$(BUNDLE_EXECUTABLE_FOLDER_PATH)/BLEAppTest";
			};
			name = Debug;
		};
		8725ADBD2CF4DC9F0078260E /* Release */ = {
			isa = XCBuildConfiguration;
			buildSettings = {
				BUNDLE_LOADER = "$(TEST_HOST)";
				CODE_SIGN_STYLE = Automatic;
				CURRENT_PROJECT_VERSION = 1;
				DEVELOPMENT_TEAM = JCF9982W6M;
				GENERATE_INFOPLIST_FILE = YES;
				IPHONEOS_DEPLOYMENT_TARGET = 18.1;
				MARKETING_VERSION = 1.0;
				PRODUCT_BUNDLE_IDENTIFIER = com.juansenen.BLEAppTestTests;
				PRODUCT_NAME = "$(TARGET_NAME)";
				SWIFT_EMIT_LOC_STRINGS = NO;
				SWIFT_VERSION = 5.0;
				TARGETED_DEVICE_FAMILY = "1,2";
				TEST_HOST = "$(BUILT_PRODUCTS_DIR)/BLEAppTest.app/$(BUNDLE_EXECUTABLE_FOLDER_PATH)/BLEAppTest";
			};
			name = Release;
		};
		8725ADBF2CF4DC9F0078260E /* Debug */ = {
			isa = XCBuildConfiguration;
			buildSettings = {
				CODE_SIGN_STYLE = Automatic;
				CURRENT_PROJECT_VERSION = 1;
				DEVELOPMENT_TEAM = JCF9982W6M;
				GENERATE_INFOPLIST_FILE = YES;
				MARKETING_VERSION = 1.0;
				PRODUCT_BUNDLE_IDENTIFIER = com.juansenen.BLEAppTestUITests;
				PRODUCT_NAME = "$(TARGET_NAME)";
				SWIFT_EMIT_LOC_STRINGS = NO;
				SWIFT_VERSION = 5.0;
				TARGETED_DEVICE_FAMILY = "1,2";
				TEST_TARGET_NAME = BLEAppTest;
			};
			name = Debug;
		};
		8725ADC02CF4DC9F0078260E /* Release */ = {
			isa = XCBuildConfiguration;
			buildSettings = {
				CODE_SIGN_STYLE = Automatic;
				CURRENT_PROJECT_VERSION = 1;
				DEVELOPMENT_TEAM = JCF9982W6M;
				GENERATE_INFOPLIST_FILE = YES;
				MARKETING_VERSION = 1.0;
				PRODUCT_BUNDLE_IDENTIFIER = com.juansenen.BLEAppTestUITests;
				PRODUCT_NAME = "$(TARGET_NAME)";
				SWIFT_EMIT_LOC_STRINGS = NO;
				SWIFT_VERSION = 5.0;
				TARGETED_DEVICE_FAMILY = "1,2";
				TEST_TARGET_NAME = BLEAppTest;
			};
			name = Release;
		};
/* End XCBuildConfiguration section */

/* Begin XCConfigurationList section */
		8725AD8F2CF4DC9C0078260E /* Build configuration list for PBXProject "BLEAppTest" */ = {
			isa = XCConfigurationList;
			buildConfigurations = (
				8725ADB62CF4DC9F0078260E /* Debug */,
				8725ADB72CF4DC9F0078260E /* Release */,
			);
			defaultConfigurationIsVisible = 0;
			defaultConfigurationName = Release;
		};
		8725ADB82CF4DC9F0078260E /* Build configuration list for PBXNativeTarget "BLEAppTest" */ = {
			isa = XCConfigurationList;
			buildConfigurations = (
				8725ADB92CF4DC9F0078260E /* Debug */,
				8725ADBA2CF4DC9F0078260E /* Release */,
			);
			defaultConfigurationIsVisible = 0;
			defaultConfigurationName = Release;
		};
		8725ADBB2CF4DC9F0078260E /* Build configuration list for PBXNativeTarget "BLEAppTestTests" */ = {
			isa = XCConfigurationList;
			buildConfigurations = (
				8725ADBC2CF4DC9F0078260E /* Debug */,
				8725ADBD2CF4DC9F0078260E /* Release */,
			);
			defaultConfigurationIsVisible = 0;
			defaultConfigurationName = Release;
		};
		8725ADBE2CF4DC9F0078260E /* Build configuration list for PBXNativeTarget "BLEAppTestUITests" */ = {
			isa = XCConfigurationList;
			buildConfigurations = (
				8725ADBF2CF4DC9F0078260E /* Debug */,
				8725ADC02CF4DC9F0078260E /* Release */,
			);
			defaultConfigurationIsVisible = 0;
			defaultConfigurationName = Release;
		};
/* End XCConfigurationList section */
	};
	rootObject = 8725AD8C2CF4DC9C0078260E /* Project object */;
}
